// !$*UTF8*$!
{
	archiveVersion = 1;
	classes = {
	};
	objectVersion = 46;
	objects = {

/* Begin PBXBuildFile section */
		76EB0A831BBEE30400F332E4 /* AppDelegate.swift in Sources */ = {isa = PBXBuildFile; fileRef = 76EB0A821BBEE30400F332E4 /* AppDelegate.swift */; };
		76EB0A851BBEE30400F332E4 /* ViewController.swift in Sources */ = {isa = PBXBuildFile; fileRef = 76EB0A841BBEE30400F332E4 /* ViewController.swift */; };
		76EB0A881BBEE30400F332E4 /* Main.storyboard in Resources */ = {isa = PBXBuildFile; fileRef = 76EB0A861BBEE30400F332E4 /* Main.storyboard */; };
		76EB0A8A1BBEE30400F332E4 /* Assets.xcassets in Resources */ = {isa = PBXBuildFile; fileRef = 76EB0A891BBEE30400F332E4 /* Assets.xcassets */; };
		76EB0A8D1BBEE30400F332E4 /* LaunchScreen.storyboard in Resources */ = {isa = PBXBuildFile; fileRef = 76EB0A8B1BBEE30400F332E4 /* LaunchScreen.storyboard */; };
		76EB0A981BBEE30400F332E4 /* ScrollViews2Tests.swift in Sources */ = {isa = PBXBuildFile; fileRef = 76EB0A971BBEE30400F332E4 /* ScrollViews2Tests.swift */; };
		76EB0AA31BBEE30400F332E4 /* ScrollViews2UITests.swift in Sources */ = {isa = PBXBuildFile; fileRef = 76EB0AA21BBEE30400F332E4 /* ScrollViews2UITests.swift */; };
		76EB0AB71BBEE31B00F332E4 /* photo1.png in Resources */ = {isa = PBXBuildFile; fileRef = 76EB0AB11BBEE31B00F332E4 /* photo1.png */; settings = {ASSET_TAGS = (); }; };
		76EB0AB81BBEE31B00F332E4 /* photo2.png in Resources */ = {isa = PBXBuildFile; fileRef = 76EB0AB21BBEE31B00F332E4 /* photo2.png */; settings = {ASSET_TAGS = (); }; };
		76EB0AB91BBEE31B00F332E4 /* photo3.png in Resources */ = {isa = PBXBuildFile; fileRef = 76EB0AB31BBEE31B00F332E4 /* photo3.png */; settings = {ASSET_TAGS = (); }; };
		76EB0ABA1BBEE31B00F332E4 /* photo4.png in Resources */ = {isa = PBXBuildFile; fileRef = 76EB0AB41BBEE31B00F332E4 /* photo4.png */; settings = {ASSET_TAGS = (); }; };
		76EB0ABB1BBEE31B00F332E4 /* photo5.png in Resources */ = {isa = PBXBuildFile; fileRef = 76EB0AB51BBEE31B00F332E4 /* photo5.png */; settings = {ASSET_TAGS = (); }; };
		76EB0ABC1BBEE31B00F332E4 /* slow.png in Resources */ = {isa = PBXBuildFile; fileRef = 76EB0AB61BBEE31B00F332E4 /* slow.png */; settings = {ASSET_TAGS = (); }; };
		76EB0ABF1BBEF0FE00F332E4 /* CustomScrollViewController.swift in Sources */ = {isa = PBXBuildFile; fileRef = 76EB0ABD1BBEF0FE00F332E4 /* CustomScrollViewController.swift */; settings = {ASSET_TAGS = (); }; };
		76EB0AC01BBEF0FE00F332E4 /* CustomScrollViewController.xib in Resources */ = {isa = PBXBuildFile; fileRef = 76EB0ABE1BBEF0FE00F332E4 /* CustomScrollViewController.xib */; settings = {ASSET_TAGS = (); }; };
		76EB0F8F1BC2C10100F332E4 /* PagedScrollViewController.swift in Sources */ = {isa = PBXBuildFile; fileRef = 76EB0F8D1BC2C10100F332E4 /* PagedScrollViewController.swift */; settings = {ASSET_TAGS = (); }; };
		76EB0F901BC2C10100F332E4 /* PagedScrollView.xib in Resources */ = {isa = PBXBuildFile; fileRef = 76EB0F8E1BC2C10100F332E4 /* PagedScrollView.xib */; settings = {ASSET_TAGS = (); }; };
		76EB0F931BC2E86600F332E4 /* PeekPagedScrollViewController.swift in Sources */ = {isa = PBXBuildFile; fileRef = 76EB0F911BC2E86600F332E4 /* PeekPagedScrollViewController.swift */; settings = {ASSET_TAGS = (); }; };
		76EB0F941BC2E86600F332E4 /* PeekPagedScrollViewController.xib in Resources */ = {isa = PBXBuildFile; fileRef = 76EB0F921BC2E86600F332E4 /* PeekPagedScrollViewController.xib */; settings = {ASSET_TAGS = (); }; };
/* End PBXBuildFile section */

/* Begin PBXContainerItemProxy section */
		76EB0A941BBEE30400F332E4 /* PBXContainerItemProxy */ = {
			isa = PBXContainerItemProxy;
			containerPortal = 76EB0A771BBEE30400F332E4 /* Project object */;
			proxyType = 1;
			remoteGlobalIDString = 76EB0A7E1BBEE30400F332E4;
			remoteInfo = ScrollViews2;
		};
		76EB0A9F1BBEE30400F332E4 /* PBXContainerItemProxy */ = {
			isa = PBXContainerItemProxy;
			containerPortal = 76EB0A771BBEE30400F332E4 /* Project object */;
			proxyType = 1;
			remoteGlobalIDString = 76EB0A7E1BBEE30400F332E4;
			remoteInfo = ScrollViews2;
		};
/* End PBXContainerItemProxy section */

/* Begin PBXFileReference section */
		76EB0A7F1BBEE30400F332E4 /* ScrollViews2.app */ = {isa = PBXFileReference; explicitFileType = wrapper.application; includeInIndex = 0; path = ScrollViews2.app; sourceTree = BUILT_PRODUCTS_DIR; };
		76EB0A821BBEE30400F332E4 /* AppDelegate.swift */ = {isa = PBXFileReference; lastKnownFileType = sourcecode.swift; path = AppDelegate.swift; sourceTree = "<group>"; };
		76EB0A841BBEE30400F332E4 /* ViewController.swift */ = {isa = PBXFileReference; lastKnownFileType = sourcecode.swift; path = ViewController.swift; sourceTree = "<group>"; };
		76EB0A871BBEE30400F332E4 /* Base */ = {isa = PBXFileReference; lastKnownFileType = file.storyboard; name = Base; path = Base.lproj/Main.storyboard; sourceTree = "<group>"; };
		76EB0A891BBEE30400F332E4 /* Assets.xcassets */ = {isa = PBXFileReference; lastKnownFileType = folder.assetcatalog; path = Assets.xcassets; sourceTree = "<group>"; };
		76EB0A8C1BBEE30400F332E4 /* Base */ = {isa = PBXFileReference; lastKnownFileType = file.storyboard; name = Base; path = Base.lproj/LaunchScreen.storyboard; sourceTree = "<group>"; };
		76EB0A8E1BBEE30400F332E4 /* Info.plist */ = {isa = PBXFileReference; lastKnownFileType = text.plist.xml; path = Info.plist; sourceTree = "<group>"; };
		76EB0A931BBEE30400F332E4 /* ScrollViews2Tests.xctest */ = {isa = PBXFileReference; explicitFileType = wrapper.cfbundle; includeInIndex = 0; path = ScrollViews2Tests.xctest; sourceTree = BUILT_PRODUCTS_DIR; };
		76EB0A971BBEE30400F332E4 /* ScrollViews2Tests.swift */ = {isa = PBXFileReference; lastKnownFileType = sourcecode.swift; path = ScrollViews2Tests.swift; sourceTree = "<group>"; };
		76EB0A991BBEE30400F332E4 /* Info.plist */ = {isa = PBXFileReference; lastKnownFileType = text.plist.xml; path = Info.plist; sourceTree = "<group>"; };
		76EB0A9E1BBEE30400F332E4 /* ScrollViews2UITests.xctest */ = {isa = PBXFileReference; explicitFileType = wrapper.cfbundle; includeInIndex = 0; path = ScrollViews2UITests.xctest; sourceTree = BUILT_PRODUCTS_DIR; };
		76EB0AA21BBEE30400F332E4 /* ScrollViews2UITests.swift */ = {isa = PBXFileReference; lastKnownFileType = sourcecode.swift; path = ScrollViews2UITests.swift; sourceTree = "<group>"; };
		76EB0AA41BBEE30400F332E4 /* Info.plist */ = {isa = PBXFileReference; lastKnownFileType = text.plist.xml; path = Info.plist; sourceTree = "<group>"; };
		76EB0AB11BBEE31B00F332E4 /* photo1.png */ = {isa = PBXFileReference; lastKnownFileType = image.png; path = photo1.png; sourceTree = "<group>"; };
		76EB0AB21BBEE31B00F332E4 /* photo2.png */ = {isa = PBXFileReference; lastKnownFileType = image.png; path = photo2.png; sourceTree = "<group>"; };
		76EB0AB31BBEE31B00F332E4 /* photo3.png */ = {isa = PBXFileReference; lastKnownFileType = image.png; path = photo3.png; sourceTree = "<group>"; };
		76EB0AB41BBEE31B00F332E4 /* photo4.png */ = {isa = PBXFileReference; lastKnownFileType = image.png; path = photo4.png; sourceTree = "<group>"; };
		76EB0AB51BBEE31B00F332E4 /* photo5.png */ = {isa = PBXFileReference; lastKnownFileType = image.png; path = photo5.png; sourceTree = "<group>"; };
		76EB0AB61BBEE31B00F332E4 /* slow.png */ = {isa = PBXFileReference; lastKnownFileType = image.png; path = slow.png; sourceTree = "<group>"; };
		76EB0ABD1BBEF0FE00F332E4 /* CustomScrollViewController.swift */ = {isa = PBXFileReference; fileEncoding = 4; lastKnownFileType = sourcecode.swift; path = CustomScrollViewController.swift; sourceTree = "<group>"; };
		76EB0ABE1BBEF0FE00F332E4 /* CustomScrollViewController.xib */ = {isa = PBXFileReference; fileEncoding = 4; lastKnownFileType = file.xib; path = CustomScrollViewController.xib; sourceTree = "<group>"; };
		76EB0F8D1BC2C10100F332E4 /* PagedScrollViewController.swift */ = {isa = PBXFileReference; fileEncoding = 4; lastKnownFileType = sourcecode.swift; path = PagedScrollViewController.swift; sourceTree = "<group>"; };
		76EB0F8E1BC2C10100F332E4 /* PagedScrollView.xib */ = {isa = PBXFileReference; fileEncoding = 4; lastKnownFileType = file.xib; path = PagedScrollView.xib; sourceTree = "<group>"; };
		76EB0F911BC2E86600F332E4 /* PeekPagedScrollViewController.swift */ = {isa = PBXFileReference; fileEncoding = 4; lastKnownFileType = sourcecode.swift; path = PeekPagedScrollViewController.swift; sourceTree = "<group>"; };
		76EB0F921BC2E86600F332E4 /* PeekPagedScrollViewController.xib */ = {isa = PBXFileReference; fileEncoding = 4; lastKnownFileType = file.xib; path = PeekPagedScrollViewController.xib; sourceTree = "<group>"; };
/* End PBXFileReference section */

/* Begin PBXFrameworksBuildPhase section */
		76EB0A7C1BBEE30400F332E4 /* Frameworks */ = {
			isa = PBXFrameworksBuildPhase;
			buildActionMask = 2147483647;
			files = (
			);
			runOnlyForDeploymentPostprocessing = 0;
		};
		76EB0A901BBEE30400F332E4 /* Frameworks */ = {
			isa = PBXFrameworksBuildPhase;
			buildActionMask = 2147483647;
			files = (
			);
			runOnlyForDeploymentPostprocessing = 0;
		};
		76EB0A9B1BBEE30400F332E4 /* Frameworks */ = {
			isa = PBXFrameworksBuildPhase;
			buildActionMask = 2147483647;
			files = (
			);
			runOnlyForDeploymentPostprocessing = 0;
		};
/* End PBXFrameworksBuildPhase section */

/* Begin PBXGroup section */
		76EB0A761BBEE30400F332E4 = {
			isa = PBXGroup;
			children = (
				76EB0F8D1BC2C10100F332E4 /* PagedScrollViewController.swift */,
				76EB0F911BC2E86600F332E4 /* PeekPagedScrollViewController.swift */,
				76EB0F921BC2E86600F332E4 /* PeekPagedScrollViewController.xib */,
				76EB0F8E1BC2C10100F332E4 /* PagedScrollView.xib */,
				76EB0A811BBEE30400F332E4 /* ScrollViews2 */,
				76EB0A961BBEE30400F332E4 /* ScrollViews2Tests */,
				76EB0AA11BBEE30400F332E4 /* ScrollViews2UITests */,
				76EB0A801BBEE30400F332E4 /* Products */,
				76EB0AB01BBEE31B00F332E4 /* ScrollViewsResources 2 */,
			);
			sourceTree = "<group>";
		};
		76EB0A801BBEE30400F332E4 /* Products */ = {
			isa = PBXGroup;
			children = (
				76EB0A7F1BBEE30400F332E4 /* ScrollViews2.app */,
				76EB0A931BBEE30400F332E4 /* ScrollViews2Tests.xctest */,
				76EB0A9E1BBEE30400F332E4 /* ScrollViews2UITests.xctest */,
			);
			name = Products;
			sourceTree = "<group>";
		};
		76EB0A811BBEE30400F332E4 /* ScrollViews2 */ = {
			isa = PBXGroup;
			children = (
				76EB0A821BBEE30400F332E4 /* AppDelegate.swift */,
				76EB0A841BBEE30400F332E4 /* ViewController.swift */,
				76EB0ABD1BBEF0FE00F332E4 /* CustomScrollViewController.swift */,
				76EB0ABE1BBEF0FE00F332E4 /* CustomScrollViewController.xib */,
				76EB0A861BBEE30400F332E4 /* Main.storyboard */,
				76EB0A891BBEE30400F332E4 /* Assets.xcassets */,
				76EB0A8B1BBEE30400F332E4 /* LaunchScreen.storyboard */,
				76EB0A8E1BBEE30400F332E4 /* Info.plist */,
			);
			path = ScrollViews2;
			sourceTree = "<group>";
		};
		76EB0A961BBEE30400F332E4 /* ScrollViews2Tests */ = {
			isa = PBXGroup;
			children = (
				76EB0A971BBEE30400F332E4 /* ScrollViews2Tests.swift */,
				76EB0A991BBEE30400F332E4 /* Info.plist */,
			);
			path = ScrollViews2Tests;
			sourceTree = "<group>";
		};
		76EB0AA11BBEE30400F332E4 /* ScrollViews2UITests */ = {
			isa = PBXGroup;
			children = (
				76EB0AA21BBEE30400F332E4 /* ScrollViews2UITests.swift */,
				76EB0AA41BBEE30400F332E4 /* Info.plist */,
			);
			path = ScrollViews2UITests;
			sourceTree = "<group>";
		};
		76EB0AB01BBEE31B00F332E4 /* ScrollViewsResources 2 */ = {
			isa = PBXGroup;
			children = (
				76EB0AB11BBEE31B00F332E4 /* photo1.png */,
				76EB0AB21BBEE31B00F332E4 /* photo2.png */,
				76EB0AB31BBEE31B00F332E4 /* photo3.png */,
				76EB0AB41BBEE31B00F332E4 /* photo4.png */,
				76EB0AB51BBEE31B00F332E4 /* photo5.png */,
				76EB0AB61BBEE31B00F332E4 /* slow.png */,
			);
			path = "ScrollViewsResources 2";
			sourceTree = "<group>";
		};
/* End PBXGroup section */

/* Begin PBXNativeTarget section */
		76EB0A7E1BBEE30400F332E4 /* ScrollViews2 */ = {
			isa = PBXNativeTarget;
			buildConfigurationList = 76EB0AA71BBEE30400F332E4 /* Build configuration list for PBXNativeTarget "ScrollViews2" */;
			buildPhases = (
				76EB0A7B1BBEE30400F332E4 /* Sources */,
				76EB0A7C1BBEE30400F332E4 /* Frameworks */,
				76EB0A7D1BBEE30400F332E4 /* Resources */,
			);
			buildRules = (
			);
			dependencies = (
			);
			name = ScrollViews2;
			productName = ScrollViews2;
			productReference = 76EB0A7F1BBEE30400F332E4 /* ScrollViews2.app */;
			productType = "com.apple.product-type.application";
		};
		76EB0A921BBEE30400F332E4 /* ScrollViews2Tests */ = {
			isa = PBXNativeTarget;
			buildConfigurationList = 76EB0AAA1BBEE30400F332E4 /* Build configuration list for PBXNativeTarget "ScrollViews2Tests" */;
			buildPhases = (
				76EB0A8F1BBEE30400F332E4 /* Sources */,
				76EB0A901BBEE30400F332E4 /* Frameworks */,
				76EB0A911BBEE30400F332E4 /* Resources */,
			);
			buildRules = (
			);
			dependencies = (
				76EB0A951BBEE30400F332E4 /* PBXTargetDependency */,
			);
			name = ScrollViews2Tests;
			productName = ScrollViews2Tests;
			productReference = 76EB0A931BBEE30400F332E4 /* ScrollViews2Tests.xctest */;
			productType = "com.apple.product-type.bundle.unit-test";
		};
		76EB0A9D1BBEE30400F332E4 /* ScrollViews2UITests */ = {
			isa = PBXNativeTarget;
			buildConfigurationList = 76EB0AAD1BBEE30400F332E4 /* Build configuration list for PBXNativeTarget "ScrollViews2UITests" */;
			buildPhases = (
				76EB0A9A1BBEE30400F332E4 /* Sources */,
				76EB0A9B1BBEE30400F332E4 /* Frameworks */,
				76EB0A9C1BBEE30400F332E4 /* Resources */,
			);
			buildRules = (
			);
			dependencies = (
				76EB0AA01BBEE30400F332E4 /* PBXTargetDependency */,
			);
			name = ScrollViews2UITests;
			productName = ScrollViews2UITests;
			productReference = 76EB0A9E1BBEE30400F332E4 /* ScrollViews2UITests.xctest */;
			productType = "com.apple.product-type.bundle.ui-testing";
		};
/* End PBXNativeTarget section */

/* Begin PBXProject section */
		76EB0A771BBEE30400F332E4 /* Project object */ = {
			isa = PBXProject;
			attributes = {
				LastUpgradeCheck = 0700;
				ORGANIZATIONNAME = "michael adams";
				TargetAttributes = {
					76EB0A7E1BBEE30400F332E4 = {
						CreatedOnToolsVersion = 7.0.1;
					};
					76EB0A921BBEE30400F332E4 = {
						CreatedOnToolsVersion = 7.0.1;
						TestTargetID = 76EB0A7E1BBEE30400F332E4;
					};
					76EB0A9D1BBEE30400F332E4 = {
						CreatedOnToolsVersion = 7.0.1;
						TestTargetID = 76EB0A7E1BBEE30400F332E4;
					};
				};
			};
			buildConfigurationList = 76EB0A7A1BBEE30400F332E4 /* Build configuration list for PBXProject "ScrollViews2" */;
			compatibilityVersion = "Xcode 3.2";
			developmentRegion = English;
			hasScannedForEncodings = 0;
			knownRegions = (
				en,
				Base,
			);
			mainGroup = 76EB0A761BBEE30400F332E4;
			productRefGroup = 76EB0A801BBEE30400F332E4 /* Products */;
			projectDirPath = "";
			projectRoot = "";
			targets = (
				76EB0A7E1BBEE30400F332E4 /* ScrollViews2 */,
				76EB0A921BBEE30400F332E4 /* ScrollViews2Tests */,
				76EB0A9D1BBEE30400F332E4 /* ScrollViews2UITests */,
			);
		};
/* End PBXProject section */

/* Begin PBXResourcesBuildPhase section */
		76EB0A7D1BBEE30400F332E4 /* Resources */ = {
			isa = PBXResourcesBuildPhase;
			buildActionMask = 2147483647;
			files = (
				76EB0AC01BBEF0FE00F332E4 /* CustomScrollViewController.xib in Resources */,
				76EB0ABA1BBEE31B00F332E4 /* photo4.png in Resources */,
				76EB0AB81BBEE31B00F332E4 /* photo2.png in Resources */,
				76EB0ABC1BBEE31B00F332E4 /* slow.png in Resources */,
				76EB0AB71BBEE31B00F332E4 /* photo1.png in Resources */,
				76EB0A8D1BBEE30400F332E4 /* LaunchScreen.storyboard in Resources */,
				76EB0F941BC2E86600F332E4 /* PeekPagedScrollViewController.xib in Resources */,
				76EB0ABB1BBEE31B00F332E4 /* photo5.png in Resources */,
				76EB0A8A1BBEE30400F332E4 /* Assets.xcassets in Resources */,
				76EB0AB91BBEE31B00F332E4 /* photo3.png in Resources */,
				76EB0F901BC2C10100F332E4 /* PagedScrollView.xib in Resources */,
				76EB0A881BBEE30400F332E4 /* Main.storyboard in Resources */,
			);
			runOnlyForDeploymentPostprocessing = 0;
		};
		76EB0A911BBEE30400F332E4 /* Resources */ = {
			isa = PBXResourcesBuildPhase;
			buildActionMask = 2147483647;
			files = (
			);
			runOnlyForDeploymentPostprocessing = 0;
		};
		76EB0A9C1BBEE30400F332E4 /* Resources */ = {
			isa = PBXResourcesBuildPhase;
			buildActionMask = 2147483647;
			files = (
			);
			runOnlyForDeploymentPostprocessing = 0;
		};
/* End PBXResourcesBuildPhase section */

/* Begin PBXSourcesBuildPhase section */
		76EB0A7B1BBEE30400F332E4 /* Sources */ = {
			isa = PBXSourcesBuildPhase;
			buildActionMask = 2147483647;
			files = (
				76EB0A851BBEE30400F332E4 /* ViewController.swift in Sources */,
				76EB0A831BBEE30400F332E4 /* AppDelegate.swift in Sources */,
				76EB0ABF1BBEF0FE00F332E4 /* CustomScrollViewController.swift in Sources */,
				76EB0F931BC2E86600F332E4 /* PeekPagedScrollViewController.swift in Sources */,
				76EB0F8F1BC2C10100F332E4 /* PagedScrollViewController.swift in Sources */,
			);
			runOnlyForDeploymentPostprocessing = 0;
		};
		76EB0A8F1BBEE30400F332E4 /* Sources */ = {
			isa = PBXSourcesBuildPhase;
			buildActionMask = 2147483647;
			files = (
				76EB0A981BBEE30400F332E4 /* ScrollViews2Tests.swift in Sources */,
			);
			runOnlyForDeploymentPostprocessing = 0;
		};
		76EB0A9A1BBEE30400F332E4 /* Sources */ = {
			isa = PBXSourcesBuildPhase;
			buildActionMask = 2147483647;
			files = (
				76EB0AA31BBEE30400F332E4 /* ScrollViews2UITests.swift in Sources */,
			);
			runOnlyForDeploymentPostprocessing = 0;
		};
/* End PBXSourcesBuildPhase section */

/* Begin PBXTargetDependency section */
		76EB0A951BBEE30400F332E4 /* PBXTargetDependency */ = {
			isa = PBXTargetDependency;
			target = 76EB0A7E1BBEE30400F332E4 /* ScrollViews2 */;
			targetProxy = 76EB0A941BBEE30400F332E4 /* PBXContainerItemProxy */;
		};
		76EB0AA01BBEE30400F332E4 /* PBXTargetDependency */ = {
			isa = PBXTargetDependency;
			target = 76EB0A7E1BBEE30400F332E4 /* ScrollViews2 */;
			targetProxy = 76EB0A9F1BBEE30400F332E4 /* PBXContainerItemProxy */;
		};
/* End PBXTargetDependency section */

/* Begin PBXVariantGroup section */
		76EB0A861BBEE30400F332E4 /* Main.storyboard */ = {
			isa = PBXVariantGroup;
			children = (
				76EB0A871BBEE30400F332E4 /* Base */,
			);
			name = Main.storyboard;
			sourceTree = "<group>";
		};
		76EB0A8B1BBEE30400F332E4 /* LaunchScreen.storyboard */ = {
			isa = PBXVariantGroup;
			children = (
				76EB0A8C1BBEE30400F332E4 /* Base */,
			);
			name = LaunchScreen.storyboard;
			sourceTree = "<group>";
		};
/* End PBXVariantGroup section */

/* Begin XCBuildConfiguration section */
		76EB0AA51BBEE30400F332E4 /* Debug */ = {
			isa = XCBuildConfiguration;
			buildSettings = {
				ALWAYS_SEARCH_USER_PATHS = NO;
				CLANG_CXX_LANGUAGE_STANDARD = "gnu++0x";
				CLANG_CXX_LIBRARY = "libc++";
				CLANG_ENABLE_MODULES = YES;
				CLANG_ENABLE_OBJC_ARC = YES;
				CLANG_WARN_BOOL_CONVERSION = YES;
				CLANG_WARN_CONSTANT_CONVERSION = YES;
				CLANG_WARN_DIRECT_OBJC_ISA_USAGE = YES_ERROR;
				CLANG_WARN_EMPTY_BODY = YES;
				CLANG_WARN_ENUM_CONVERSION = YES;
				CLANG_WARN_INT_CONVERSION = YES;
				CLANG_WARN_OBJC_ROOT_CLASS = YES_ERROR;
				CLANG_WARN_UNREACHABLE_CODE = YES;
				CLANG_WARN__DUPLICATE_METHOD_MATCH = YES;
				"CODE_SIGN_IDENTITY[sdk=iphoneos*]" = "iPhone Developer";
				COPY_PHASE_STRIP = NO;
				DEBUG_INFORMATION_FORMAT = dwarf;
				ENABLE_STRICT_OBJC_MSGSEND = YES;
				ENABLE_TESTABILITY = YES;
				GCC_C_LANGUAGE_STANDARD = gnu99;
				GCC_DYNAMIC_NO_PIC = NO;
				GCC_NO_COMMON_BLOCKS = YES;
				GCC_OPTIMIZATION_LEVEL = 0;
				GCC_PREPROCESSOR_DEFINITIONS = (
					"DEBUG=1",
					"$(inherited)",
				);
				GCC_WARN_64_TO_32_BIT_CONVERSION = YES;
				GCC_WARN_ABOUT_RETURN_TYPE = YES_ERROR;
				GCC_WARN_UNDECLARED_SELECTOR = YES;
				GCC_WARN_UNINITIALIZED_AUTOS = YES_AGGRESSIVE;
				GCC_WARN_UNUSED_FUNCTION = YES;
				GCC_WARN_UNUSED_VARIABLE = YES;
				IPHONEOS_DEPLOYMENT_TARGET = 9.0;
				MTL_ENABLE_DEBUG_INFO = YES;
				ONLY_ACTIVE_ARCH = YES;
				SDKROOT = iphoneos;
				SWIFT_OPTIMIZATION_LEVEL = "-Onone";
			};
			name = Debug;
		};
		76EB0AA61BBEE30400F332E4 /* Release */ = {
			isa = XCBuildConfiguration;
			buildSettings = {
				ALWAYS_SEARCH_USER_PATHS = NO;
				CLANG_CXX_LANGUAGE_STANDARD = "gnu++0x";
				CLANG_CXX_LIBRARY = "libc++";
				CLANG_ENABLE_MODULES = YES;
				CLANG_ENABLE_OBJC_ARC = YES;
				CLANG_WARN_BOOL_CONVERSION = YES;
				CLANG_WARN_CONSTANT_CONVERSION = YES;
				CLANG_WARN_DIRECT_OBJC_ISA_USAGE = YES_ERROR;
				CLANG_WARN_EMPTY_BODY = YES;
				CLANG_WARN_ENUM_CONVERSION = YES;
				CLANG_WARN_INT_CONVERSION = YES;
				CLANG_WARN_OBJC_ROOT_CLASS = YES_ERROR;
				CLANG_WARN_UNREACHABLE_CODE = YES;
				CLANG_WARN__DUPLICATE_METHOD_MATCH = YES;
				"CODE_SIGN_IDENTITY[sdk=iphoneos*]" = "iPhone Developer";
				COPY_PHASE_STRIP = NO;
				DEBUG_INFORMATION_FORMAT = "dwarf-with-dsym";
				ENABLE_NS_ASSERTIONS = NO;
				ENABLE_STRICT_OBJC_MSGSEND = YES;
				GCC_C_LANGUAGE_STANDARD = gnu99;
				GCC_NO_COMMON_BLOCKS = YES;
				GCC_WARN_64_TO_32_BIT_CONVERSION = YES;
				GCC_WARN_ABOUT_RETURN_TYPE = YES_ERROR;
				GCC_WARN_UNDECLARED_SELECTOR = YES;
				GCC_WARN_UNINITIALIZED_AUTOS = YES_AGGRESSIVE;
				GCC_WARN_UNUSED_FUNCTION = YES;
				GCC_WARN_UNUSED_VARIABLE = YES;
				IPHONEOS_DEPLOYMENT_TARGET = 9.0;
				MTL_ENABLE_DEBUG_INFO = NO;
				SDKROOT = iphoneos;
				VALIDATE_PRODUCT = YES;
			};
			name = Release;
		};
		76EB0AA81BBEE30400F332E4 /* Debug */ = {
			isa = XCBuildConfiguration;
			buildSettings = {
				ASSETCATALOG_COMPILER_APPICON_NAME = AppIcon;
				INFOPLIST_FILE = ScrollViews2/Info.plist;
				LD_RUNPATH_SEARCH_PATHS = "$(inherited) @executable_path/Frameworks";
				PRODUCT_BUNDLE_IDENTIFIER = "com.michael-adams.ScrollViews2";
				PRODUCT_NAME = "$(TARGET_NAME)";
			};
			name = Debug;
		};
		76EB0AA91BBEE30400F332E4 /* Release */ = {
			isa = XCBuildConfiguration;
			buildSettings = {
				ASSETCATALOG_COMPILER_APPICON_NAME = AppIcon;
				INFOPLIST_FILE = ScrollViews2/Info.plist;
				LD_RUNPATH_SEARCH_PATHS = "$(inherited) @executable_path/Frameworks";
				PRODUCT_BUNDLE_IDENTIFIER = "com.michael-adams.ScrollViews2";
				PRODUCT_NAME = "$(TARGET_NAME)";
			};
			name = Release;
		};
		76EB0AAB1BBEE30400F332E4 /* Debug */ = {
			isa = XCBuildConfiguration;
			buildSettings = {
				BUNDLE_LOADER = "$(TEST_HOST)";
				INFOPLIST_FILE = ScrollViews2Tests/Info.plist;
				LD_RUNPATH_SEARCH_PATHS = "$(inherited) @executable_path/Frameworks @loader_path/Frameworks";
				PRODUCT_BUNDLE_IDENTIFIER = "com.michael-adams.ScrollViews2Tests";
				PRODUCT_NAME = "$(TARGET_NAME)";
				TEST_HOST = "$(BUILT_PRODUCTS_DIR)/ScrollViews2.app/ScrollViews2";
			};
			name = Debug;
		};
		76EB0AAC1BBEE30400F332E4 /* Release */ = {
			isa = XCBuildConfiguration;
			buildSettings = {
				BUNDLE_LOADER = "$(TEST_HOST)";
				INFOPLIST_FILE = ScrollViews2Tests/Info.plist;
				LD_RUNPATH_SEARCH_PATHS = "$(inherited) @executable_path/Frameworks @loader_path/Frameworks";
				PRODUCT_BUNDLE_IDENTIFIER = "com.michael-adams.ScrollViews2Tests";
				PRODUCT_NAME = "$(TARGET_NAME)";
				TEST_HOST = "$(BUILT_PRODUCTS_DIR)/ScrollViews2.app/ScrollViews2";
			};
			name = Release;
		};
		76EB0AAE1BBEE30400F332E4 /* Debug */ = {
			isa = XCBuildConfiguration;
			buildSettings = {
				INFOPLIST_FILE = ScrollViews2UITests/Info.plist;
				LD_RUNPATH_SEARCH_PATHS = "$(inherited) @executable_path/Frameworks @loader_path/Frameworks";
				PRODUCT_BUNDLE_IDENTIFIER = "com.michael-adams.ScrollViews2UITests";
				PRODUCT_NAME = "$(TARGET_NAME)";
				TEST_TARGET_NAME = ScrollViews2;
				USES_XCTRUNNER = YES;
			};
			name = Debug;
		};
		76EB0AAF1BBEE30400F332E4 /* Release */ = {
			isa = XCBuildConfiguration;
			buildSettings = {
				INFOPLIST_FILE = ScrollViews2UITests/Info.plist;
				LD_RUNPATH_SEARCH_PATHS = "$(inherited) @executable_path/Frameworks @loader_path/Frameworks";
				PRODUCT_BUNDLE_IDENTIFIER = "com.michael-adams.ScrollViews2UITests";
				PRODUCT_NAME = "$(TARGET_NAME)";
				TEST_TARGET_NAME = ScrollViews2;
				USES_XCTRUNNER = YES;
			};
			name = Release;
		};
/* End XCBuildConfiguration section */

/* Begin XCConfigurationList section */
		76EB0A7A1BBEE30400F332E4 /* Build configuration list for PBXProject "ScrollViews2" */ = {
			isa = XCConfigurationList;
			buildConfigurations = (
				76EB0AA51BBEE30400F332E4 /* Debug */,
				76EB0AA61BBEE30400F332E4 /* Release */,
			);
			defaultConfigurationIsVisible = 0;
			defaultConfigurationName = Release;
		};
		76EB0AA71BBEE30400F332E4 /* Build configuration list for PBXNativeTarget "ScrollViews2" */ = {
			isa = XCConfigurationList;
			buildConfigurations = (
				76EB0AA81BBEE30400F332E4 /* Debug */,
				76EB0AA91BBEE30400F332E4 /* Release */,
			);
			defaultConfigurationIsVisible = 0;
			defaultConfigurationName = Release;
		};
		76EB0AAA1BBEE30400F332E4 /* Build configuration list for PBXNativeTarget "ScrollViews2Tests" */ = {
			isa = XCConfigurationList;
			buildConfigurations = (
				76EB0AAB1BBEE30400F332E4 /* Debug */,
				76EB0AAC1BBEE30400F332E4 /* Release */,
			);
			defaultConfigurationIsVisible = 0;
			defaultConfigurationName = Release;
		};
		76EB0AAD1BBEE30400F332E4 /* Build configuration list for PBXNativeTarget "ScrollViews2UITests" */ = {
			isa = XCConfigurationList;
			buildConfigurations = (
				76EB0AAE1BBEE30400F332E4 /* Debug */,
				76EB0AAF1BBEE30400F332E4 /* Release */,
			);
			defaultConfigurationIsVisible = 0;
			defaultConfigurationName = Release;
		};
/* End XCConfigurationList section */
	};
	rootObject = 76EB0A771BBEE30400F332E4 /* Project object */;
}
